dependencies:
  esp-idf-lib/esp_idf_lib_helpers:
    dependencies: []
    source:
      path: components\esp-idf-lib__esp_idf_lib_helpers
      type: local
    version: 1.4.0
  esp-idf-lib/i2cdev:
    dependencies: []
    source:
      path: components\esp-idf-lib__i2cdev
      type: local
    version: 2.1.1
  espressif/aht20:
    dependencies: []
    source:
      path: components\espressif__aht20
      type: local
    version: 2.0.0
  espressif/cjson:
    component_hash: e788323270d90738662d66fffa910bfe1fba019bba087f01557e70c40485b469
    dependencies:
    - name: idf
      require: private
      version: '>=5.0'
    source:
      registry_url: https://components.espressif.com
      type: service
    version: 1.7.19~2
  espressif/cmake_utilities:
    dependencies: []
    source:
      path: components\espressif__cmake_utilities
      type: local
    version: 1.1.1
  espressif/dl_fft:
    component_hash: ced3cf28cc70452b7859c06f4e5059215167254a2047e34c893d6f501ccd6ea2
    dependencies:
    - name: idf
      require: private
      version: '>=5.0'
    source:
      registry_url: https://components.espressif.com
      type: service
    version: 0.4.0
  espressif/esp-dsp:
    component_hash: 12e44db246517a627bc0fe2b255b8335410c0215c98bfba2df5a8e3edea839ef
    dependencies:
    - name: idf
      require: private
      version: '>=4.2'
    source:
      registry_url: https://components.espressif.com/
      type: service
    version: 1.8.0
  espressif/esp-sr:
    component_hash: 70f252161c06dbf4e901025f83f119cbe53b6d94f19dd8018f5cd0d23df68ffa
    dependencies:
    - name: idf
      require: private
      version: '>=5.0'
    - name: espressif/esp-dsp
      registry_url: https://components.espressif.com
      require: private
      version: 1.8.0
    - name: espressif/cjson
      registry_url: https://components.espressif.com
      require: private
      version: ^1.7.19
    - name: espressif/dl_fft
      registry_url: https://components.espressif.com
      require: private
      version: '>=0.2.0'
    source:
      registry_url: https://components.espressif.com/
      type: service
    version: 2.4.5
  espressif/esp_lvgl_port:
    component_hash: fb6c1fdfe70d4ca39a035d63ca394a35f17ec84ce16ff98ecb13a54155d75da4
    dependencies:
    - name: idf
      require: private
      version: '>=5.2'
    - name: lvgl/lvgl
      registry_url: https://components.espressif.com
      require: public
      version: '>=8,<10'
    source:
      registry_url: https://components.espressif.com/
      type: service
    version: 2.8.0~1
  espressif/esp_websocket_client:
    component_hash: 3fb288702517ef4d75bf933a115f1056ee0c2540d964f9e1d856e0bb67e1dfeb
    dependencies:
    - name: idf
      require: private
      version: '>=5.0'
    source:
      registry_url: https://components.espressif.com/
      type: service
    version: 1.7.0
  espressif/i2c_bus:
    dependencies: []
    source:
      path: components\espressif__i2c_bus
      type: local
    version: 1.5.1
  idf:
    source:
      type: idf
    version: 6.0.1
  lvgl/lvgl:
    component_hash: d7c1ac037ae6e85d94897f807d6e7ba0946a83e720074fc95a4f6241da9f9f53
    dependencies: []
    source:
      registry_url: https://components.espressif.com/
      type: service
    version: 8.4.0
direct_dependencies:
- esp-idf-lib/esp_idf_lib_helpers
- esp-idf-lib/i2cdev
- espressif/aht20
- espressif/cmake_utilities
- espressif/esp-dsp
- espressif/esp-sr
- espressif/esp_lvgl_port
- espressif/esp_websocket_client
- espressif/i2c_bus
- idf
- lvgl/lvgl
manifest_hash: ee758286789b65e4b083925253febbbd532906c0ead44ca07b3bae119d0d9e0c
target: esp32s3
version: 3.0.0
